// !$*UTF8*$!
{
	archiveVersion = 1;
	classes = {
	};
	objectVersion = 50;
	objects = {

/* Begin PBXBuildFile section */
		25C26C63B83775D3F11E00BC /* Pods_AudioPlayer.framework in Frameworks */ = {isa = PBXBuildFile; fileRef = 95F622D0DE91504DFC63A597 /* Pods_AudioPlayer.framework */; };
		405F5855222F754F0042EEC9 /* TimeTracker.swift in Sources */ = {isa = PBXBuildFile; fileRef = 405F5854222F754F0042EEC9 /* TimeTracker.swift */; };
		406CBB28221E4AC000B9C339 /* LaunchScreen.storyboard in Resources */ = {isa = PBXBuildFile; fileRef = 406CBB26221E4AC000B9C339 /* LaunchScreen.storyboard */; };
		406CBB39221E4B4E00B9C339 /* ViewController.swift in Sources */ = {isa = PBXBuildFile; fileRef = 406CBB2F221E4B4C00B9C339 /* ViewController.swift */; };
		406CBB3A221E4B4E00B9C339 /* AudioController.swift in Sources */ = {isa = PBXBuildFile; fileRef = 406CBB30221E4B4D00B9C339 /* AudioController.swift */; };
		406CBB3B221E4B4E00B9C339 /* Main.storyboard in Resources */ = {isa = PBXBuildFile; fileRef = 406CBB31221E4B4D00B9C339 /* Main.storyboard */; };
		406CBB3C221E4B4E00B9C339 /* AppDelegate.swift in Sources */ = {isa = PBXBuildFile; fileRef = 406CBB32221E4B4D00B9C339 /* AppDelegate.swift */; };
		406CBB3D221E4B4E00B9C339 /* Double + Extensions.swift in Sources */ = {isa = PBXBuildFile; fileRef = 406CBB33221E4B4D00B9C339 /* Double + Extensions.swift */; };
		406CBB3E221E4B4E00B9C339 /* QueueTableViewCell.xib in Resources */ = {isa = PBXBuildFile; fileRef = 406CBB34221E4B4D00B9C339 /* QueueTableViewCell.xib */; };
		406CBB3F221E4B4E00B9C339 /* QueueViewController.swift in Sources */ = {isa = PBXBuildFile; fileRef = 406CBB35221E4B4E00B9C339 /* QueueViewController.swift */; };
		406CBB41221E4B4E00B9C339 /* Images.xcassets in Resources */ = {isa = PBXBuildFile; fileRef = 406CBB37221E4B4E00B9C339 /* Images.xcassets */; };
		406CBB42221E4B4E00B9C339 /* QueueTableViewCell.swift in Sources */ = {isa = PBXBuildFile; fileRef = 406CBB38221E4B4E00B9C339 /* QueueTableViewCell.swift */; };
		406CBB44221E4EE900B9C339 /* GoogleService-Info.plist in Resources */ = {isa = PBXBuildFile; fileRef = 406CBB43221E4EE900B9C339 /* GoogleService-Info.plist */; };
/* End PBXBuildFile section */

/* Begin PBXFileReference section */
		1A8E8379F9F96DBE7AE8D3F8 /* Pods-AudioPlayer.debug.xcconfig */ = {isa = PBXFileReference; includeInIndex = 1; lastKnownFileType = text.xcconfig; name = "Pods-AudioPlayer.debug.xcconfig"; path = "Target Support Files/Pods-AudioPlayer/Pods-AudioPlayer.debug.xcconfig"; sourceTree = "<group>"; };
		405F5854222F754F0042EEC9 /* TimeTracker.swift */ = {isa = PBXFileReference; lastKnownFileType = sourcecode.swift; path = TimeTracker.swift; sourceTree = "<group>"; };
		406CBB1A221E4ABE00B9C339 /* AudioPlayer.app */ = {isa = PBXFileReference; explicitFileType = wrapper.application; includeInIndex = 0; path = AudioPlayer.app; sourceTree = BUILT_PRODUCTS_DIR; };
		406CBB27221E4AC000B9C339 /* Base */ = {isa = PBXFileReference; lastKnownFileType = file.storyboard; name = Base; path = Base.lproj/LaunchScreen.storyboard; sourceTree = "<group>"; };
		406CBB29221E4AC000B9C339 /* Info.plist */ = {isa = PBXFileReference; lastKnownFileType = text.plist.xml; path = Info.plist; sourceTree = "<group>"; };
		406CBB2F221E4B4C00B9C339 /* ViewController.swift */ = {isa = PBXFileReference; fileEncoding = 4; lastKnownFileType = sourcecode.swift; path = ViewController.swift; sourceTree = "<group>"; };
		406CBB30221E4B4D00B9C339 /* AudioController.swift */ = {isa = PBXFileReference; fileEncoding = 4; lastKnownFileType = sourcecode.swift; path = AudioController.swift; sourceTree = "<group>"; };
		406CBB31221E4B4D00B9C339 /* Main.storyboard */ = {isa = PBXFileReference; fileEncoding = 4; lastKnownFileType = file.storyboard; path = Main.storyboard; sourceTree = "<group>"; };
		406CBB32221E4B4D00B9C339 /* AppDelegate.swift */ = {isa = PBXFileReference; fileEncoding = 4; lastKnownFileType = sourcecode.swift; path = AppDelegate.swift; sourceTree = "<group>"; };
		406CBB33221E4B4D00B9C339 /* Double + Extensions.swift */ = {isa = PBXFileReference; fileEncoding = 4; lastKnownFileType = sourcecode.swift; path = "Double + Extensions.swift"; sourceTree = "<group>"; };
		406CBB34221E4B4D00B9C339 /* QueueTableViewCell.xib */ = {isa = PBXFileReference; fileEncoding = 4; lastKnownFileType = file.xib; path = QueueTableViewCell.xib; sourceTree = "<group>"; };
		406CBB35221E4B4E00B9C339 /* QueueViewController.swift */ = {isa = PBXFileReference; fileEncoding = 4; lastKnownFileType = sourcecode.swift; path = QueueViewController.swift; sourceTree = "<group>"; };
		406CBB37221E4B4E00B9C339 /* Images.xcassets */ = {isa = PBXFileReference; lastKnownFileType = folder.assetcatalog; path = Images.xcassets; sourceTree = "<group>"; };
		406CBB38221E4B4E00B9C339 /* QueueTableViewCell.swift */ = {isa = PBXFileReference; fileEncoding = 4; lastKnownFileType = sourcecode.swift; path = QueueTableViewCell.swift; sourceTree = "<group>"; };
		406CBB43221E4EE900B9C339 /* GoogleService-Info.plist */ = {isa = PBXFileReference; fileEncoding = 4; lastKnownFileType = text.plist.xml; path = "GoogleService-Info.plist"; sourceTree = "<group>"; };
		95F622D0DE91504DFC63A597 /* Pods_AudioPlayer.framework */ = {isa = PBXFileReference; explicitFileType = wrapper.framework; includeInIndex = 0; path = Pods_AudioPlayer.framework; sourceTree = BUILT_PRODUCTS_DIR; };
		A739BAEFBAC25D0FD7DD6493 /* Pods-AudioPlayer.release.xcconfig */ = {isa = PBXFileReference; includeInIndex = 1; lastKnownFileType = text.xcconfig; name = "Pods-AudioPlayer.release.xcconfig"; path = "Target Support Files/Pods-AudioPlayer/Pods-AudioPlayer.release.xcconfig"; sourceTree = "<group>"; };
/* End PBXFileReference section */

/* Begin PBXFrameworksBuildPhase section */
		406CBB17221E4ABE00B9C339 /* Frameworks */ = {
			isa = PBXFrameworksBuildPhase;
			buildActionMask = 2147483647;
			files = (
				25C26C63B83775D3F11E00BC /* Pods_AudioPlayer.framework in Frameworks */,
			);
			runOnlyForDeploymentPostprocessing = 0;
		};
/* End PBXFrameworksBuildPhase section */

/* Begin PBXGroup section */
		406CBB11221E4ABE00B9C339 = {
			isa = PBXGroup;
			children = (
				406CBB1C221E4ABE00B9C339 /* AudioPlayer */,
				406CBB1B221E4ABE00B9C339 /* Products */,
				4D5896E23FC5970CAFBF2F7E /* Pods */,
				A81DB3CDBBB29E1D030A3713 /* Frameworks */,
			);
			sourceTree = "<group>";
		};
		406CBB1B221E4ABE00B9C339 /* Products */ = {
			isa = PBXGroup;
			children = (
				406CBB1A221E4ABE00B9C339 /* AudioPlayer.app */,
			);
			name = Products;
			sourceTree = "<group>";
		};
		406CBB1C221E4ABE00B9C339 /* AudioPlayer */ = {
			isa = PBXGroup;
			children = (
				406CBB32221E4B4D00B9C339 /* AppDelegate.swift */,
				406CBB30221E4B4D00B9C339 /* AudioController.swift */,
				406CBB33221E4B4D00B9C339 /* Double + Extensions.swift */,
				406CBB37221E4B4E00B9C339 /* Images.xcassets */,
				406CBB31221E4B4D00B9C339 /* Main.storyboard */,
				406CBB38221E4B4E00B9C339 /* QueueTableViewCell.swift */,
				406CBB34221E4B4D00B9C339 /* QueueTableViewCell.xib */,
				406CBB35221E4B4E00B9C339 /* QueueViewController.swift */,
				406CBB2F221E4B4C00B9C339 /* ViewController.swift */,
				406CBB26221E4AC000B9C339 /* LaunchScreen.storyboard */,
				406CBB43221E4EE900B9C339 /* GoogleService-Info.plist */,
				406CBB29221E4AC000B9C339 /* Info.plist */,
				405F5854222F754F0042EEC9 /* TimeTracker.swift */,
			);
			path = AudioPlayer;
			sourceTree = "<group>";
		};
		4D5896E23FC5970CAFBF2F7E /* Pods */ = {
			isa = PBXGroup;
			children = (
				1A8E8379F9F96DBE7AE8D3F8 /* Pods-AudioPlayer.debug.xcconfig */,
				A739BAEFBAC25D0FD7DD6493 /* Pods-AudioPlayer.release.xcconfig */,
			);
			path = Pods;
			sourceTree = "<group>";
		};
		A81DB3CDBBB29E1D030A3713 /* Frameworks */ = {
			isa = PBXGroup;
			children = (
				95F622D0DE91504DFC63A597 /* Pods_AudioPlayer.framework */,
			);
			name = Frameworks;
			sourceTree = "<group>";
		};
/* End PBXGroup section */

/* Begin PBXNativeTarget section */
		406CBB19221E4ABE00B9C339 /* AudioPlayer */ = {
			isa = PBXNativeTarget;
			buildConfigurationList = 406CBB2C221E4AC000B9C339 /* Build configuration list for PBXNativeTarget "AudioPlayer" */;
			buildPhases = (
				9E20DFD8978A88AC1AF3E222 /* [CP] Check Pods Manifest.lock */,
				406CBB16221E4ABE00B9C339 /* Sources */,
				406CBB17221E4ABE00B9C339 /* Frameworks */,
				406CBB18221E4ABE00B9C339 /* Resources */,
				7A865B1EE99D24A458AC391F /* [CP] Embed Pods Frameworks */,
			);
			buildRules = (
			);
			dependencies = (
			);
			name = AudioPlayer;
			productName = AudioPlayer;
			productReference = 406CBB1A221E4ABE00B9C339 /* AudioPlayer.app */;
			productType = "com.apple.product-type.application";
		};
/* End PBXNativeTarget section */

/* Begin PBXProject section */
		406CBB12221E4ABE00B9C339 /* Project object */ = {
			isa = PBXProject;
			attributes = {
				LastSwiftUpdateCheck = 1010;
				LastUpgradeCheck = 1010;
				ORGANIZATIONNAME = dengli;
				TargetAttributes = {
					406CBB19221E4ABE00B9C339 = {
						CreatedOnToolsVersion = 10.1;
						LastSwiftMigration = 1010;
						SystemCapabilities = {
							com.apple.BackgroundModes = {
								enabled = 1;
							};
						};
					};
				};
			};
			buildConfigurationList = 406CBB15221E4ABE00B9C339 /* Build configuration list for PBXProject "AudioPlayer" */;
			compatibilityVersion = "Xcode 9.3";
			developmentRegion = en;
			hasScannedForEncodings = 0;
			knownRegions = (
				en,
				Base,
			);
			mainGroup = 406CBB11221E4ABE00B9C339;
			productRefGroup = 406CBB1B221E4ABE00B9C339 /* Products */;
			projectDirPath = "";
			projectRoot = "";
			targets = (
				406CBB19221E4ABE00B9C339 /* AudioPlayer */,
			);
		};
/* End PBXProject section */

/* Begin PBXResourcesBuildPhase section */
		406CBB18221E4ABE00B9C339 /* Resources */ = {
			isa = PBXResourcesBuildPhase;
			buildActionMask = 2147483647;
			files = (
				406CBB3E221E4B4E00B9C339 /* QueueTableViewCell.xib in Resources */,
				406CBB41221E4B4E00B9C339 /* Images.xcassets in Resources */,
				406CBB44221E4EE900B9C339 /* GoogleService-Info.plist in Resources */,
				406CBB28221E4AC000B9C339 /* LaunchScreen.storyboard in Resources */,
				406CBB3B221E4B4E00B9C339 /* Main.storyboard in Resources */,
			);
			runOnlyForDeploymentPostprocessing = 0;
		};
/* End PBXResourcesBuildPhase section */

/* Begin PBXShellScriptBuildPhase section */
		7A865B1EE99D24A458AC391F /* [CP] Embed Pods Frameworks */ = {
			isa = PBXShellScriptBuildPhase;
			buildActionMask = 2147483647;
			files = (
			);
			inputFileListPaths = (
			);
			inputPaths = (
				"${PODS_ROOT}/Target Support Files/Pods-AudioPlayer/Pods-AudioPlayer-frameworks.sh",
				"${BUILT_PRODUCTS_DIR}/GoogleUtilities/GoogleUtilities.framework",
				"${BUILT_PRODUCTS_DIR}/SwiftAudio/SwiftAudio.framework",
				"${BUILT_PRODUCTS_DIR}/nanopb/nanopb.framework",
			);
			name = "[CP] Embed Pods Frameworks";
			outputFileListPaths = (
			);
			outputPaths = (
				"${TARGET_BUILD_DIR}/${FRAMEWORKS_FOLDER_PATH}/GoogleUtilities.framework",
				"${TARGET_BUILD_DIR}/${FRAMEWORKS_FOLDER_PATH}/SwiftAudio.framework",
				"${TARGET_BUILD_DIR}/${FRAMEWORKS_FOLDER_PATH}/nanopb.framework",
			);
			runOnlyForDeploymentPostprocessing = 0;
			shellPath = /bin/sh;
			shellScript = "\"${PODS_ROOT}/Target Support Files/Pods-AudioPlayer/Pods-AudioPlayer-frameworks.sh\"\n";
			showEnvVarsInLog = 0;
		};
		9E20DFD8978A88AC1AF3E222 /* [CP] Check Pods Manifest.lock */ = {
			isa = PBXShellScriptBuildPhase;
			buildActionMask = 2147483647;
			files = (
			);
			inputFileListPaths = (
			);
			inputPaths = (
				"${PODS_PODFILE_DIR_PATH}/Podfile.lock",
				"${PODS_ROOT}/Manifest.lock",
			);
			name = "[CP] Check Pods Manifest.lock";
			outputFileListPaths = (
			);
			outputPaths = (
				"$(DERIVED_FILE_DIR)/Pods-AudioPlayer-checkManifestLockResult.txt",
			);
			runOnlyForDeploymentPostprocessing = 0;
			shellPath = /bin/sh;
			shellScript = "diff \"${PODS_PODFILE_DIR_PATH}/Podfile.lock\" \"${PODS_ROOT}/Manifest.lock\" > /dev/null\nif [ $? != 0 ] ; then\n    # print error to STDERR\n    echo \"error: The sandbox is not in sync with the Podfile.lock. Run 'pod install' or update your CocoaPods installation.\" >&2\n    exit 1\nfi\n# This output is used by Xcode 'outputs' to avoid re-running this script phase.\necho \"SUCCESS\" > \"${SCRIPT_OUTPUT_FILE_0}\"\n";
			showEnvVarsInLog = 0;
		};
/* End PBXShellScriptBuildPhase section */

/* Begin PBXSourcesBuildPhase section */
		406CBB16221E4ABE00B9C339 /* Sources */ = {
			isa = PBXSourcesBuildPhase;
			buildActionMask = 2147483647;
			files = (
				406CBB3F221E4B4E00B9C339 /* QueueViewController.swift in Sources */,
				406CBB3C221E4B4E00B9C339 /* AppDelegate.swift in Sources */,
				406CBB3A221E4B4E00B9C339 /* AudioController.swift in Sources */,
				406CBB3D221E4B4E00B9C339 /* Double + Extensions.swift in Sources */,
				406CBB39221E4B4E00B9C339 /* ViewController.swift in Sources */,
				405F5855222F754F0042EEC9 /* TimeTracker.swift in Sources */,
				406CBB42221E4B4E00B9C339 /* QueueTableViewCell.swift in Sources */,
			);
			runOnlyForDeploymentPostprocessing = 0;
		};
/* End PBXSourcesBuildPhase section */

/* Begin PBXVariantGroup section */
		406CBB26221E4AC000B9C339 /* LaunchScreen.storyboard */ = {
			isa = PBXVariantGroup;
			children = (
				406CBB27221E4AC000B9C339 /* Base */,
			);
			name = LaunchScreen.storyboard;
			sourceTree = "<group>";
		};
/* End PBXVariantGroup section */

/* Begin XCBuildConfiguration section */
		406CBB2A221E4AC000B9C339 /* Debug */ = {
			isa = XCBuildConfiguration;
			buildSettings = {
				ALWAYS_SEARCH_USER_PATHS = NO;
				CLANG_ANALYZER_NONNULL = YES;
				CLANG_ANALYZER_NUMBER_OBJECT_CONVERSION = YES_AGGRESSIVE;
				CLANG_CXX_LANGUAGE_STANDARD = "gnu++14";
				CLANG_CXX_LIBRARY = "libc++";
				CLANG_ENABLE_MODULES = YES;
				CLANG_ENABLE_OBJC_ARC = YES;
				CLANG_ENABLE_OBJC_WEAK = YES;
				CLANG_WARN_BLOCK_CAPTURE_AUTORELEASING = YES;
				CLANG_WARN_BOOL_CONVERSION = YES;
				CLANG_WARN_COMMA = YES;
				CLANG_WARN_CONSTANT_CONVERSION = YES;
				CLANG_WARN_DEPRECATED_OBJC_IMPLEMENTATIONS = YES;
				CLANG_WARN_DIRECT_OBJC_ISA_USAGE = YES_ERROR;
				CLANG_WARN_DOCUMENTATION_COMMENTS = YES;
				CLANG_WARN_EMPTY_BODY = YES;
				CLANG_WARN_ENUM_CONVERSION = YES;
				CLANG_WARN_INFINITE_RECURSION = YES;
				CLANG_WARN_INT_CONVERSION = YES;
				CLANG_WARN_NON_LITERAL_NULL_CONVERSION = YES;
				CLANG_WARN_OBJC_IMPLICIT_RETAIN_SELF = YES;
				CLANG_WARN_OBJC_LITERAL_CONVERSION = YES;
				CLANG_WARN_OBJC_ROOT_CLASS = YES_ERROR;
				CLANG_WARN_RANGE_LOOP_ANALYSIS = YES;
				CLANG_WARN_STRICT_PROTOTYPES = YES;
				CLANG_WARN_SUSPICIOUS_MOVE = YES;
				CLANG_WARN_UNGUARDED_AVAILABILITY = YES_AGGRESSIVE;
				CLANG_WARN_UNREACHABLE_CODE = YES;
				CLANG_WARN__DUPLICATE_METHOD_MATCH = YES;
				CODE_SIGN_IDENTITY = "iPhone Developer";
				COPY_PHASE_STRIP = NO;
				DEBUG_INFORMATION_FORMAT = dwarf;
				ENABLE_STRICT_OBJC_MSGSEND = YES;
				ENABLE_TESTABILITY = YES;
				GCC_C_LANGUAGE_STANDARD = gnu11;
				GCC_DYNAMIC_NO_PIC = NO;
				GCC_NO_COMMON_BLOCKS = YES;
				GCC_OPTIMIZATION_LEVEL = 0;
				GCC_PREPROCESSOR_DEFINITIONS = (
					"DEBUG=1",
					"$(inherited)",
				);
				GCC_WARN_64_TO_32_BIT_CONVERSION = YES;
				GCC_WARN_ABOUT_RETURN_TYPE = YES_ERROR;
				GCC_WARN_UNDECLARED_SELECTOR = YES;
				GCC_WARN_UNINITIALIZED_AUTOS = YES_AGGRESSIVE;
				GCC_WARN_UNUSED_FUNCTION = YES;
				GCC_WARN_UNUSED_VARIABLE = YES;
				IPHONEOS_DEPLOYMENT_TARGET = 12.1;
				MTL_ENABLE_DEBUG_INFO = INCLUDE_SOURCE;
				MTL_FAST_MATH = YES;
				ONLY_ACTIVE_ARCH = YES;
				SDKROOT = iphoneos;
				SWIFT_ACTIVE_COMPILATION_CONDITIONS = DEBUG;
				SWIFT_OPTIMIZATION_LEVEL = "-Onone";
			};
			name = Debug;
		};
		406CBB2B221E4AC000B9C339 /* Release */ = {
			isa = XCBuildConfiguration;
			buildSettings = {
				ALWAYS_SEARCH_USER_PATHS = NO;
				CLANG_ANALYZER_NONNULL = YES;
				CLANG_ANALYZER_NUMBER_OBJECT_CONVERSION = YES_AGGRESSIVE;
				CLANG_CXX_LANGUAGE_STANDARD = "gnu++14";
				CLANG_CXX_LIBRARY = "libc++";
				CLANG_ENABLE_MODULES = YES;
				CLANG_ENABLE_OBJC_ARC = YES;
				CLANG_ENABLE_OBJC_WEAK = YES;
				CLANG_WARN_BLOCK_CAPTURE_AUTORELEASING = YES;
				CLANG_WARN_BOOL_CONVERSION = YES;
				CLANG_WARN_COMMA = YES;
				CLANG_WARN_CONSTANT_CONVERSION = YES;
				CLANG_WARN_DEPRECATED_OBJC_IMPLEMENTATIONS = YES;
				CLANG_WARN_DIRECT_OBJC_ISA_USAGE = YES_ERROR;
				CLANG_WARN_DOCUMENTATION_COMMENTS = YES;
				CLANG_WARN_EMPTY_BODY = YES;
				CLANG_WARN_ENUM_CONVERSION = YES;
				CLANG_WARN_INFINITE_RECURSION = YES;
				CLANG_WARN_INT_CONVERSION = YES;
				CLANG_WARN_NON_LITERAL_NULL_CONVERSION = YES;
				CLANG_WARN_OBJC_IMPLICIT_RETAIN_SELF = YES;
				CLANG_WARN_OBJC_LITERAL_CONVERSION = YES;
				CLANG_WARN_OBJC_ROOT_CLASS = YES_ERROR;
				CLANG_WARN_RANGE_LOOP_ANALYSIS = YES;
				CLANG_WARN_STRICT_PROTOTYPES = YES;
				CLANG_WARN_SUSPICIOUS_MOVE = YES;
				CLANG_WARN_UNGUARDED_AVAILABILITY = YES_AGGRESSIVE;
				CLANG_WARN_UNREACHABLE_CODE = YES;
				CLANG_WARN__DUPLICATE_METHOD_MATCH = YES;
				CODE_SIGN_IDENTITY = "iPhone Developer";
				COPY_PHASE_STRIP = NO;
				DEBUG_INFORMATION_FORMAT = "dwarf-with-dsym";
				ENABLE_NS_ASSERTIONS = NO;
				ENABLE_STRICT_OBJC_MSGSEND = YES;
				GCC_C_LANGUAGE_STANDARD = gnu11;
				GCC_NO_COMMON_BLOCKS = YES;
				GCC_WARN_64_TO_32_BIT_CONVERSION = YES;
				GCC_WARN_ABOUT_RETURN_TYPE = YES_ERROR;
				GCC_WARN_UNDECLARED_SELECTOR = YES;
				GCC_WARN_UNINITIALIZED_AUTOS = YES_AGGRESSIVE;
				GCC_WARN_UNUSED_FUNCTION = YES;
				GCC_WARN_UNUSED_VARIABLE = YES;
				IPHONEOS_DEPLOYMENT_TARGET = 12.1;
				MTL_ENABLE_DEBUG_INFO = NO;
				MTL_FAST_MATH = YES;
				SDKROOT = iphoneos;
				SWIFT_COMPILATION_MODE = wholemodule;
				SWIFT_OPTIMIZATION_LEVEL = "-O";
				VALIDATE_PRODUCT = YES;
			};
			name = Release;
		};
		406CBB2D221E4AC000B9C339 /* Debug */ = {
			isa = XCBuildConfiguration;
			baseConfigurationReference = 1A8E8379F9F96DBE7AE8D3F8 /* Pods-AudioPlayer.debug.xcconfig */;
			buildSettings = {
				ASSETCATALOG_COMPILER_APPICON_NAME = AppIcon;
				CLANG_ENABLE_MODULES = YES;
				CODE_SIGN_STYLE = Automatic;
				DEVELOPMENT_TEAM = ND2LGZT6B5;
				INFOPLIST_FILE = AudioPlayer/Info.plist;
				IPHONEOS_DEPLOYMENT_TARGET = 11.0;
				LD_RUNPATH_SEARCH_PATHS = (
					"$(inherited)",
					"@executable_path/Frameworks",
				);
				PRODUCT_BUNDLE_IDENTIFIER = com.dengli.AudioPlayer;
				PRODUCT_NAME = "$(TARGET_NAME)";
				SWIFT_OPTIMIZATION_LEVEL = "-Onone";
				SWIFT_VERSION = 4.2;
				TARGETED_DEVICE_FAMILY = "1,2";
			};
			name = Debug;
		};
		406CBB2E221E4AC000B9C339 /* Release */ = {
			isa = XCBuildConfiguration;
			baseConfigurationReference = A739BAEFBAC25D0FD7DD6493 /* Pods-AudioPlayer.release.xcconfig */;
			buildSettings = {
				ASSETCATALOG_COMPILER_APPICON_NAME = AppIcon;
				CLANG_ENABLE_MODULES = YES;
				CODE_SIGN_STYLE = Automatic;
				DEVELOPMENT_TEAM = ND2LGZT6B5;
				INFOPLIST_FILE = AudioPlayer/Info.plist;
				IPHONEOS_DEPLOYMENT_TARGET = 11.0;
				LD_RUNPATH_SEARCH_PATHS = (
					"$(inherited)",
					"@executable_path/Frameworks",
				);
				PRODUCT_BUNDLE_IDENTIFIER = com.dengli.AudioPlayer;
				PRODUCT_NAME = "$(TARGET_NAME)";
				SWIFT_VERSION = 4.2;
				TARGETED_DEVICE_FAMILY = "1,2";
			};
			name = Release;
		};
/* End XCBuildConfiguration section */

/* Begin XCConfigurationList section */
		406CBB15221E4ABE00B9C339 /* Build configuration list for PBXProject "AudioPlayer" */ = {
			isa = XCConfigurationList;
			buildConfigurations = (
				406CBB2A221E4AC000B9C339 /* Debug */,
				406CBB2B221E4AC000B9C339 /* Release */,
			);
			defaultConfigurationIsVisible = 0;
			defaultConfigurationName = Release;
		};
		406CBB2C221E4AC000B9C339 /* Build configuration list for PBXNativeTarget "AudioPlayer" */ = {
			isa = XCConfigurationList;
			buildConfigurations = (
				406CBB2D221E4AC000B9C339 /* Debug */,
				406CBB2E221E4AC000B9C339 /* Release */,
			);
			defaultConfigurationIsVisible = 0;
			defaultConfigurationName = Release;
		};
/* End XCConfigurationList section */
	};
	rootObject = 406CBB12221E4ABE00B9C339 /* Project object */;
}
